// !$*UTF8*$!
{
	archiveVersion = 1;
	classes = {
	};
	objectVersion = 48;
	objects = {

/* Begin PBXBuildFile section */
		1818504C38A872F4830E4747 /* Pods_Sky.framework in Frameworks */ = {isa = PBXBuildFile; fileRef = 94D9B86DC9F9C4A082D52E5F /* Pods_Sky.framework */; };
		FD055CC7206E245400CA4F3A /* WeatherDataManager.swift in Sources */ = {isa = PBXBuildFile; fileRef = FD055CC6206E245400CA4F3A /* WeatherDataManager.swift */; };
		FD055CCB206E510000CA4F3A /* URLSessionProtocol.swift in Sources */ = {isa = PBXBuildFile; fileRef = FD055CCA206E510000CA4F3A /* URLSessionProtocol.swift */; };
		FD055CCE206E52BB00CA4F3A /* URLSession.swift in Sources */ = {isa = PBXBuildFile; fileRef = FD055CCD206E52BB00CA4F3A /* URLSession.swift */; };
		FD0DF9E0206E1F8C00CB40AB /* LocationModel.swift in Sources */ = {isa = PBXBuildFile; fileRef = FD0DF9DF206E1F8C00CB40AB /* LocationModel.swift */; };
		FD0DF9E2206E212200CB40AB /* WeatherDataModel.swift in Sources */ = {isa = PBXBuildFile; fileRef = FD0DF9E1206E212200CB40AB /* WeatherDataModel.swift */; };
		FD0DF9E5206E229000CB40AB /* API.swift in Sources */ = {isa = PBXBuildFile; fileRef = FD0DF9E4206E229000CB40AB /* API.swift */; };
		FD46C83E205CC58400569B93 /* AppDelegate.swift in Sources */ = {isa = PBXBuildFile; fileRef = FD46C83D205CC58400569B93 /* AppDelegate.swift */; };
		FD46C840205CC58400569B93 /* ViewController.swift in Sources */ = {isa = PBXBuildFile; fileRef = FD46C83F205CC58400569B93 /* ViewController.swift */; };
		FD46C843205CC58400569B93 /* Main.storyboard in Resources */ = {isa = PBXBuildFile; fileRef = FD46C841205CC58400569B93 /* Main.storyboard */; };
		FD46C845205CC58400569B93 /* Assets.xcassets in Resources */ = {isa = PBXBuildFile; fileRef = FD46C844205CC58400569B93 /* Assets.xcassets */; };
		FD46C848205CC58400569B93 /* LaunchScreen.storyboard in Resources */ = {isa = PBXBuildFile; fileRef = FD46C846205CC58400569B93 /* LaunchScreen.storyboard */; };
		FD46C853205CC58400569B93 /* SkyTests.swift in Sources */ = {isa = PBXBuildFile; fileRef = FD46C852205CC58400569B93 /* SkyTests.swift */; };
		FD46C85E205CC58400569B93 /* SkyUITests.swift in Sources */ = {isa = PBXBuildFile; fileRef = FD46C85D205CC58400569B93 /* SkyUITests.swift */; };
		FD46C873205CC91400569B93 /* ShowTheWeatherView.swift in Sources */ = {isa = PBXBuildFile; fileRef = FD46C872205CC91400569B93 /* ShowTheWeatherView.swift */; };
		FD46C875205CFF2B00569B93 /* BasicConfiguration.swift in Sources */ = {isa = PBXBuildFile; fileRef = FD46C874205CFF2B00569B93 /* BasicConfiguration.swift */; };
		FD63CA4F206A402100B24D90 /* UIColor+Extension.swift in Sources */ = {isa = PBXBuildFile; fileRef = FD63CA4E206A402100B24D90 /* UIColor+Extension.swift */; };
		FD63CA51206A40F300B24D90 /* NetWorkConfiguration.swift in Sources */ = {isa = PBXBuildFile; fileRef = FD63CA50206A40F300B24D90 /* NetWorkConfiguration.swift */; };
		FD63CA53206A5C5F00B24D90 /* Dictionary+Extension.swift in Sources */ = {isa = PBXBuildFile; fileRef = FD63CA52206A5C5F00B24D90 /* Dictionary+Extension.swift */; };
/* End PBXBuildFile section */

/* Begin PBXContainerItemProxy section */
		FD46C84F205CC58400569B93 /* PBXContainerItemProxy */ = {
			isa = PBXContainerItemProxy;
			containerPortal = FD46C832205CC58400569B93 /* Project object */;
			proxyType = 1;
			remoteGlobalIDString = FD46C839205CC58400569B93;
			remoteInfo = Sky;
		};
		FD46C85A205CC58400569B93 /* PBXContainerItemProxy */ = {
			isa = PBXContainerItemProxy;
			containerPortal = FD46C832205CC58400569B93 /* Project object */;
			proxyType = 1;
			remoteGlobalIDString = FD46C839205CC58400569B93;
			remoteInfo = Sky;
		};
/* End PBXContainerItemProxy section */

/* Begin PBXFileReference section */
		0B5619DB01B17F69058D3966 /* Pods-Sky.release.xcconfig */ = {isa = PBXFileReference; includeInIndex = 1; lastKnownFileType = text.xcconfig; name = "Pods-Sky.release.xcconfig"; path = "Pods/Target Support Files/Pods-Sky/Pods-Sky.release.xcconfig"; sourceTree = "<group>"; };
		3E20D5CA4BDF5070AC580079 /* Pods-Sky.debug.xcconfig */ = {isa = PBXFileReference; includeInIndex = 1; lastKnownFileType = text.xcconfig; name = "Pods-Sky.debug.xcconfig"; path = "Pods/Target Support Files/Pods-Sky/Pods-Sky.debug.xcconfig"; sourceTree = "<group>"; };
		94D9B86DC9F9C4A082D52E5F /* Pods_Sky.framework */ = {isa = PBXFileReference; explicitFileType = wrapper.framework; includeInIndex = 0; path = Pods_Sky.framework; sourceTree = BUILT_PRODUCTS_DIR; };
		FD055CC6206E245400CA4F3A /* WeatherDataManager.swift */ = {isa = PBXFileReference; lastKnownFileType = sourcecode.swift; path = WeatherDataManager.swift; sourceTree = "<group>"; };
		FD055CCA206E510000CA4F3A /* URLSessionProtocol.swift */ = {isa = PBXFileReference; lastKnownFileType = sourcecode.swift; path = URLSessionProtocol.swift; sourceTree = "<group>"; };
		FD055CCD206E52BB00CA4F3A /* URLSession.swift */ = {isa = PBXFileReference; lastKnownFileType = sourcecode.swift; path = URLSession.swift; sourceTree = "<group>"; };
		FD0DF9DF206E1F8C00CB40AB /* LocationModel.swift */ = {isa = PBXFileReference; lastKnownFileType = sourcecode.swift; path = LocationModel.swift; sourceTree = "<group>"; };
		FD0DF9E1206E212200CB40AB /* WeatherDataModel.swift */ = {isa = PBXFileReference; lastKnownFileType = sourcecode.swift; path = WeatherDataModel.swift; sourceTree = "<group>"; };
		FD0DF9E4206E229000CB40AB /* API.swift */ = {isa = PBXFileReference; lastKnownFileType = sourcecode.swift; path = API.swift; sourceTree = "<group>"; };
		FD46C83A205CC58400569B93 /* Sky.app */ = {isa = PBXFileReference; explicitFileType = wrapper.application; includeInIndex = 0; path = Sky.app; sourceTree = BUILT_PRODUCTS_DIR; };
		FD46C83D205CC58400569B93 /* AppDelegate.swift */ = {isa = PBXFileReference; lastKnownFileType = sourcecode.swift; path = AppDelegate.swift; sourceTree = "<group>"; };
		FD46C83F205CC58400569B93 /* ViewController.swift */ = {isa = PBXFileReference; lastKnownFileType = sourcecode.swift; path = ViewController.swift; sourceTree = "<group>"; };
		FD46C842205CC58400569B93 /* Base */ = {isa = PBXFileReference; lastKnownFileType = file.storyboard; name = Base; path = Base.lproj/Main.storyboard; sourceTree = "<group>"; };
		FD46C844205CC58400569B93 /* Assets.xcassets */ = {isa = PBXFileReference; lastKnownFileType = folder.assetcatalog; path = Assets.xcassets; sourceTree = "<group>"; };
		FD46C847205CC58400569B93 /* Base */ = {isa = PBXFileReference; lastKnownFileType = file.storyboard; name = Base; path = Base.lproj/LaunchScreen.storyboard; sourceTree = "<group>"; };
		FD46C849205CC58400569B93 /* Info.plist */ = {isa = PBXFileReference; lastKnownFileType = text.plist.xml; path = Info.plist; sourceTree = "<group>"; };
		FD46C84E205CC58400569B93 /* SkyTests.xctest */ = {isa = PBXFileReference; explicitFileType = wrapper.cfbundle; includeInIndex = 0; path = SkyTests.xctest; sourceTree = BUILT_PRODUCTS_DIR; };
		FD46C852205CC58400569B93 /* SkyTests.swift */ = {isa = PBXFileReference; lastKnownFileType = sourcecode.swift; path = SkyTests.swift; sourceTree = "<group>"; };
		FD46C854205CC58400569B93 /* Info.plist */ = {isa = PBXFileReference; lastKnownFileType = text.plist.xml; path = Info.plist; sourceTree = "<group>"; };
		FD46C859205CC58400569B93 /* SkyUITests.xctest */ = {isa = PBXFileReference; explicitFileType = wrapper.cfbundle; includeInIndex = 0; path = SkyUITests.xctest; sourceTree = BUILT_PRODUCTS_DIR; };
		FD46C85D205CC58400569B93 /* SkyUITests.swift */ = {isa = PBXFileReference; lastKnownFileType = sourcecode.swift; path = SkyUITests.swift; sourceTree = "<group>"; };
		FD46C85F205CC58400569B93 /* Info.plist */ = {isa = PBXFileReference; lastKnownFileType = text.plist.xml; path = Info.plist; sourceTree = "<group>"; };
		FD46C872205CC91400569B93 /* ShowTheWeatherView.swift */ = {isa = PBXFileReference; lastKnownFileType = sourcecode.swift; path = ShowTheWeatherView.swift; sourceTree = "<group>"; };
		FD46C874205CFF2B00569B93 /* BasicConfiguration.swift */ = {isa = PBXFileReference; lastKnownFileType = sourcecode.swift; path = BasicConfiguration.swift; sourceTree = "<group>"; };
		FD63CA4E206A402100B24D90 /* UIColor+Extension.swift */ = {isa = PBXFileReference; lastKnownFileType = sourcecode.swift; path = "UIColor+Extension.swift"; sourceTree = "<group>"; };
		FD63CA50206A40F300B24D90 /* NetWorkConfiguration.swift */ = {isa = PBXFileReference; lastKnownFileType = sourcecode.swift; path = NetWorkConfiguration.swift; sourceTree = "<group>"; };
		FD63CA52206A5C5F00B24D90 /* Dictionary+Extension.swift */ = {isa = PBXFileReference; lastKnownFileType = sourcecode.swift; path = "Dictionary+Extension.swift"; sourceTree = "<group>"; };
/* End PBXFileReference section */

/* Begin PBXFrameworksBuildPhase section */
		FD46C837205CC58400569B93 /* Frameworks */ = {
			isa = PBXFrameworksBuildPhase;
			buildActionMask = 2147483647;
			files = (
				1818504C38A872F4830E4747 /* Pods_Sky.framework in Frameworks */,
			);
			runOnlyForDeploymentPostprocessing = 0;
		};
		FD46C84B205CC58400569B93 /* Frameworks */ = {
			isa = PBXFrameworksBuildPhase;
			buildActionMask = 2147483647;
			files = (
			);
			runOnlyForDeploymentPostprocessing = 0;
		};
		FD46C856205CC58400569B93 /* Frameworks */ = {
			isa = PBXFrameworksBuildPhase;
			buildActionMask = 2147483647;
			files = (
			);
			runOnlyForDeploymentPostprocessing = 0;
		};
/* End PBXFrameworksBuildPhase section */

/* Begin PBXGroup section */
		AAC1DA01FA542C429E5872CC /* Frameworks */ = {
			isa = PBXGroup;
			children = (
				94D9B86DC9F9C4A082D52E5F /* Pods_Sky.framework */,
			);
			name = Frameworks;
			sourceTree = "<group>";
		};
		C4FF0E4E4FF253CA8B3F954B /* Pods */ = {
			isa = PBXGroup;
			children = (
				3E20D5CA4BDF5070AC580079 /* Pods-Sky.debug.xcconfig */,
				0B5619DB01B17F69058D3966 /* Pods-Sky.release.xcconfig */,
			);
			name = Pods;
			sourceTree = "<group>";
		};
		FD055CC8206E382800CA4F3A /* Manager */ = {
			isa = PBXGroup;
			children = (
				FD055CC6206E245400CA4F3A /* WeatherDataManager.swift */,
			);
			path = Manager;
			sourceTree = "<group>";
		};
		FD055CC9206E50DC00CA4F3A /* Protocol */ = {
			isa = PBXGroup;
			children = (
				FD055CCA206E510000CA4F3A /* URLSessionProtocol.swift */,
			);
			path = Protocol;
			sourceTree = "<group>";
		};
		FD055CCC206E529800CA4F3A /* Extension */ = {
			isa = PBXGroup;
			children = (
				FD055CCD206E52BB00CA4F3A /* URLSession.swift */,
			);
			path = Extension;
			sourceTree = "<group>";
		};
		FD0DF9DE206E1F6200CB40AB /* Model */ = {
			isa = PBXGroup;
			children = (
				FD0DF9DF206E1F8C00CB40AB /* LocationModel.swift */,
				FD0DF9E1206E212200CB40AB /* WeatherDataModel.swift */,
			);
			path = Model;
			sourceTree = "<group>";
		};
		FD0DF9E3206E226D00CB40AB /* Configuration */ = {
			isa = PBXGroup;
			children = (
				FD0DF9E4206E229000CB40AB /* API.swift */,
			);
			path = Configuration;
			sourceTree = "<group>";
		};
		FD46C831205CC58400569B93 = {
			isa = PBXGroup;
			children = (
				FD46C83C205CC58400569B93 /* Sky */,
				FD46C851205CC58400569B93 /* SkyTests */,
				FD46C85C205CC58400569B93 /* SkyUITests */,
				FD46C83B205CC58400569B93 /* Products */,
				C4FF0E4E4FF253CA8B3F954B /* Pods */,
				AAC1DA01FA542C429E5872CC /* Frameworks */,
			);
			sourceTree = "<group>";
		};
		FD46C83B205CC58400569B93 /* Products */ = {
			isa = PBXGroup;
			children = (
				FD46C83A205CC58400569B93 /* Sky.app */,
				FD46C84E205CC58400569B93 /* SkyTests.xctest */,
				FD46C859205CC58400569B93 /* SkyUITests.xctest */,
			);
			name = Products;
			sourceTree = "<group>";
		};
		FD46C83C205CC58400569B93 /* Sky */ = {
			isa = PBXGroup;
			children = (
				FD055CCC206E529800CA4F3A /* Extension */,
				FD055CC9206E50DC00CA4F3A /* Protocol */,
				FD055CC8206E382800CA4F3A /* Manager */,
				FD0DF9E3206E226D00CB40AB /* Configuration */,
				FD0DF9DE206E1F6200CB40AB /* Model */,
				FD46C870205CC75900569B93 /* ViewControllers */,
				FD46C86F205CC73800569B93 /* Support Files */,
				FD46C86E205CC72000569B93 /* Storyboards */,
				FD46C86D205CC70E00569B93 /* Resources */,
				FD46C86B205CC6E800569B93 /* Delegates */,
			);
			path = Sky;
			sourceTree = "<group>";
		};
		FD46C851205CC58400569B93 /* SkyTests */ = {
			isa = PBXGroup;
			children = (
				FD46C852205CC58400569B93 /* SkyTests.swift */,
				FD46C854205CC58400569B93 /* Info.plist */,
			);
			path = SkyTests;
			sourceTree = "<group>";
		};
		FD46C85C205CC58400569B93 /* SkyUITests */ = {
			isa = PBXGroup;
			children = (
				FD46C85D205CC58400569B93 /* SkyUITests.swift */,
				FD46C85F205CC58400569B93 /* Info.plist */,
			);
			path = SkyUITests;
			sourceTree = "<group>";
		};
		FD46C86B205CC6E800569B93 /* Delegates */ = {
			isa = PBXGroup;
			children = (
				FD46C83D205CC58400569B93 /* AppDelegate.swift */,
			);
			path = Delegates;
			sourceTree = "<group>";
		};
		FD46C86D205CC70E00569B93 /* Resources */ = {
			isa = PBXGroup;
			children = (
				FD46C844205CC58400569B93 /* Assets.xcassets */,
			);
			path = Resources;
			sourceTree = "<group>";
		};
		FD46C86E205CC72000569B93 /* Storyboards */ = {
			isa = PBXGroup;
			children = (
				FD46C841205CC58400569B93 /* Main.storyboard */,
				FD46C846205CC58400569B93 /* LaunchScreen.storyboard */,
			);
			path = Storyboards;
			sourceTree = "<group>";
		};
		FD46C86F205CC73800569B93 /* Support Files */ = {
			isa = PBXGroup;
			children = (
				FD46C849205CC58400569B93 /* Info.plist */,
				FD46C874205CFF2B00569B93 /* BasicConfiguration.swift */,
				FD63CA50206A40F300B24D90 /* NetWorkConfiguration.swift */,
				FD63CA4E206A402100B24D90 /* UIColor+Extension.swift */,
				FD63CA52206A5C5F00B24D90 /* Dictionary+Extension.swift */,
			);
			path = "Support Files";
			sourceTree = "<group>";
		};
		FD46C870205CC75900569B93 /* ViewControllers */ = {
			isa = PBXGroup;
			children = (
				FD46C83F205CC58400569B93 /* ViewController.swift */,
				FD46C871205CC81D00569B93 /* Views */,
			);
			path = ViewControllers;
			sourceTree = "<group>";
		};
		FD46C871205CC81D00569B93 /* Views */ = {
			isa = PBXGroup;
			children = (
				FD46C872205CC91400569B93 /* ShowTheWeatherView.swift */,
			);
			path = Views;
			sourceTree = "<group>";
		};
/* End PBXGroup section */

/* Begin PBXNativeTarget section */
		FD46C839205CC58400569B93 /* Sky */ = {
			isa = PBXNativeTarget;
			buildConfigurationList = FD46C862205CC58400569B93 /* Build configuration list for PBXNativeTarget "Sky" */;
			buildPhases = (
				A06419157CD3D681FE72A7BF /* [CP] Check Pods Manifest.lock */,
				FD46C836205CC58400569B93 /* Sources */,
				FD46C837205CC58400569B93 /* Frameworks */,
				FD46C838205CC58400569B93 /* Resources */,
				C359E4386B27861CA7EC2D20 /* [CP] Embed Pods Frameworks */,
				12F88EFFEDE8D6AEEDBBB9DB /* [CP] Copy Pods Resources */,
			);
			buildRules = (
			);
			dependencies = (
			);
			name = Sky;
			productName = Sky;
			productReference = FD46C83A205CC58400569B93 /* Sky.app */;
			productType = "com.apple.product-type.application";
		};
		FD46C84D205CC58400569B93 /* SkyTests */ = {
			isa = PBXNativeTarget;
			buildConfigurationList = FD46C865205CC58400569B93 /* Build configuration list for PBXNativeTarget "SkyTests" */;
			buildPhases = (
				FD46C84A205CC58400569B93 /* Sources */,
				FD46C84B205CC58400569B93 /* Frameworks */,
				FD46C84C205CC58400569B93 /* Resources */,
			);
			buildRules = (
			);
			dependencies = (
				FD46C850205CC58400569B93 /* PBXTargetDependency */,
			);
			name = SkyTests;
			productName = SkyTests;
			productReference = FD46C84E205CC58400569B93 /* SkyTests.xctest */;
			productType = "com.apple.product-type.bundle.unit-test";
		};
		FD46C858205CC58400569B93 /* SkyUITests */ = {
			isa = PBXNativeTarget;
			buildConfigurationList = FD46C868205CC58400569B93 /* Build configuration list for PBXNativeTarget "SkyUITests" */;
			buildPhases = (
				FD46C855205CC58400569B93 /* Sources */,
				FD46C856205CC58400569B93 /* Frameworks */,
				FD46C857205CC58400569B93 /* Resources */,
			);
			buildRules = (
			);
			dependencies = (
				FD46C85B205CC58400569B93 /* PBXTargetDependency */,
			);
			name = SkyUITests;
			productName = SkyUITests;
			productReference = FD46C859205CC58400569B93 /* SkyUITests.xctest */;
			productType = "com.apple.product-type.bundle.ui-testing";
		};
/* End PBXNativeTarget section */

/* Begin PBXProject section */
		FD46C832205CC58400569B93 /* Project object */ = {
			isa = PBXProject;
			attributes = {
				LastSwiftUpdateCheck = 0920;
				LastUpgradeCheck = 0920;
				ORGANIZATIONNAME = 222;
				TargetAttributes = {
					FD46C839205CC58400569B93 = {
						CreatedOnToolsVersion = 9.2;
						ProvisioningStyle = Automatic;
					};
					FD46C84D205CC58400569B93 = {
						CreatedOnToolsVersion = 9.2;
						ProvisioningStyle = Automatic;
						TestTargetID = FD46C839205CC58400569B93;
					};
					FD46C858205CC58400569B93 = {
						CreatedOnToolsVersion = 9.2;
						ProvisioningStyle = Automatic;
						TestTargetID = FD46C839205CC58400569B93;
					};
				};
			};
			buildConfigurationList = FD46C835205CC58400569B93 /* Build configuration list for PBXProject "Sky" */;
			compatibilityVersion = "Xcode 8.0";
			developmentRegion = en;
			hasScannedForEncodings = 0;
			knownRegions = (
				en,
				Base,
			);
			mainGroup = FD46C831205CC58400569B93;
			productRefGroup = FD46C83B205CC58400569B93 /* Products */;
			projectDirPath = "";
			projectRoot = "";
			targets = (
				FD46C839205CC58400569B93 /* Sky */,
				FD46C84D205CC58400569B93 /* SkyTests */,
				FD46C858205CC58400569B93 /* SkyUITests */,
			);
		};
/* End PBXProject section */

/* Begin PBXResourcesBuildPhase section */
		FD46C838205CC58400569B93 /* Resources */ = {
			isa = PBXResourcesBuildPhase;
			buildActionMask = 2147483647;
			files = (
				FD46C848205CC58400569B93 /* LaunchScreen.storyboard in Resources */,
				FD46C845205CC58400569B93 /* Assets.xcassets in Resources */,
				FD46C843205CC58400569B93 /* Main.storyboard in Resources */,
			);
			runOnlyForDeploymentPostprocessing = 0;
		};
		FD46C84C205CC58400569B93 /* Resources */ = {
			isa = PBXResourcesBuildPhase;
			buildActionMask = 2147483647;
			files = (
			);
			runOnlyForDeploymentPostprocessing = 0;
		};
		FD46C857205CC58400569B93 /* Resources */ = {
			isa = PBXResourcesBuildPhase;
			buildActionMask = 2147483647;
			files = (
			);
			runOnlyForDeploymentPostprocessing = 0;
		};
/* End PBXResourcesBuildPhase section */

/* Begin PBXShellScriptBuildPhase section */
		12F88EFFEDE8D6AEEDBBB9DB /* [CP] Copy Pods Resources */ = {
			isa = PBXShellScriptBuildPhase;
			buildActionMask = 2147483647;
			files = (
			);
			inputPaths = (
			);
			name = "[CP] Copy Pods Resources";
			outputPaths = (
			);
			runOnlyForDeploymentPostprocessing = 0;
			shellPath = /bin/sh;
			shellScript = "\"${SRCROOT}/Pods/Target Support Files/Pods-Sky/Pods-Sky-resources.sh\"\n";
			showEnvVarsInLog = 0;
		};
		A06419157CD3D681FE72A7BF /* [CP] Check Pods Manifest.lock */ = {
			isa = PBXShellScriptBuildPhase;
			buildActionMask = 2147483647;
			files = (
			);
			inputPaths = (
				"${PODS_PODFILE_DIR_PATH}/Podfile.lock",
				"${PODS_ROOT}/Manifest.lock",
			);
			name = "[CP] Check Pods Manifest.lock";
			outputPaths = (
				"$(DERIVED_FILE_DIR)/Pods-Sky-checkManifestLockResult.txt",
			);
			runOnlyForDeploymentPostprocessing = 0;
			shellPath = /bin/sh;
			shellScript = "diff \"${PODS_PODFILE_DIR_PATH}/Podfile.lock\" \"${PODS_ROOT}/Manifest.lock\" > /dev/null\nif [ $? != 0 ] ; then\n    # print error to STDERR\n    echo \"error: The sandbox is not in sync with the Podfile.lock. Run 'pod install' or update your CocoaPods installation.\" >&2\n    exit 1\nfi\n# This output is used by Xcode 'outputs' to avoid re-running this script phase.\necho \"SUCCESS\" > \"${SCRIPT_OUTPUT_FILE_0}\"\n";
			showEnvVarsInLog = 0;
		};
		C359E4386B27861CA7EC2D20 /* [CP] Embed Pods Frameworks */ = {
			isa = PBXShellScriptBuildPhase;
			buildActionMask = 2147483647;
			files = (
			);
			inputPaths = (
				"${SRCROOT}/Pods/Target Support Files/Pods-Sky/Pods-Sky-frameworks.sh",
				"${BUILT_PRODUCTS_DIR}/Alamofire/Alamofire.framework",
				"${BUILT_PRODUCTS_DIR}/SnapKit/SnapKit.framework",
			);
			name = "[CP] Embed Pods Frameworks";
			outputPaths = (
				"${TARGET_BUILD_DIR}/${FRAMEWORKS_FOLDER_PATH}/Alamofire.framework",
				"${TARGET_BUILD_DIR}/${FRAMEWORKS_FOLDER_PATH}/SnapKit.framework",
			);
			runOnlyForDeploymentPostprocessing = 0;
			shellPath = /bin/sh;
			shellScript = "\"${SRCROOT}/Pods/Target Support Files/Pods-Sky/Pods-Sky-frameworks.sh\"\n";
			showEnvVarsInLog = 0;
		};
/* End PBXShellScriptBuildPhase section */

/* Begin PBXSourcesBuildPhase section */
		FD46C836205CC58400569B93 /* Sources */ = {
			isa = PBXSourcesBuildPhase;
			buildActionMask = 2147483647;
			files = (
				FD055CCB206E510000CA4F3A /* URLSessionProtocol.swift in Sources */,
				FD46C840205CC58400569B93 /* ViewController.swift in Sources */,
				FD63CA53206A5C5F00B24D90 /* Dictionary+Extension.swift in Sources */,
				FD055CC7206E245400CA4F3A /* WeatherDataManager.swift in Sources */,
				FD0DF9E0206E1F8C00CB40AB /* LocationModel.swift in Sources */,
				FD63CA51206A40F300B24D90 /* NetWorkConfiguration.swift in Sources */,
				FD0DF9E5206E229000CB40AB /* API.swift in Sources */,
				FD46C873205CC91400569B93 /* ShowTheWeatherView.swift in Sources */,
				FD055CCE206E52BB00CA4F3A /* URLSession.swift in Sources */,
				FD0DF9E2206E212200CB40AB /* WeatherDataModel.swift in Sources */,
				FD46C875205CFF2B00569B93 /* BasicConfiguration.swift in Sources */,
				FD46C83E205CC58400569B93 /* AppDelegate.swift in Sources */,
				FD63CA4F206A402100B24D90 /* UIColor+Extension.swift in Sources */,
			);
			runOnlyForDeploymentPostprocessing = 0;
		};
		FD46C84A205CC58400569B93 /* Sources */ = {
			isa = PBXSourcesBuildPhase;
			buildActionMask = 2147483647;
			files = (
				FD46C853205CC58400569B93 /* SkyTests.swift in Sources */,
			);
			runOnlyForDeploymentPostprocessing = 0;
		};
		FD46C855205CC58400569B93 /* Sources */ = {
			isa = PBXSourcesBuildPhase;
			buildActionMask = 2147483647;
			files = (
				FD46C85E205CC58400569B93 /* SkyUITests.swift in Sources */,
			);
			runOnlyForDeploymentPostprocessing = 0;
		};
/* End PBXSourcesBuildPhase section */

/* Begin PBXTargetDependency section */
		FD46C850205CC58400569B93 /* PBXTargetDependency */ = {
			isa = PBXTargetDependency;
			target = FD46C839205CC58400569B93 /* Sky */;
			targetProxy = FD46C84F205CC58400569B93 /* PBXContainerItemProxy */;
		};
		FD46C85B205CC58400569B93 /* PBXTargetDependency */ = {
			isa = PBXTargetDependency;
			target = FD46C839205CC58400569B93 /* Sky */;
			targetProxy = FD46C85A205CC58400569B93 /* PBXContainerItemProxy */;
		};
/* End PBXTargetDependency section */

/* Begin PBXVariantGroup section */
		FD46C841205CC58400569B93 /* Main.storyboard */ = {
			isa = PBXVariantGroup;
			children = (
				FD46C842205CC58400569B93 /* Base */,
			);
			name = Main.storyboard;
			sourceTree = "<group>";
		};
		FD46C846205CC58400569B93 /* LaunchScreen.storyboard */ = {
			isa = PBXVariantGroup;
			children = (
				FD46C847205CC58400569B93 /* Base */,
			);
			name = LaunchScreen.storyboard;
			sourceTree = "<group>";
		};
/* End PBXVariantGroup section */

/* Begin XCBuildConfiguration section */
		FD46C860205CC58400569B93 /* Debug */ = {
			isa = XCBuildConfiguration;
			buildSettings = {
				ALWAYS_SEARCH_USER_PATHS = NO;
				CLANG_ANALYZER_NONNULL = YES;
				CLANG_ANALYZER_NUMBER_OBJECT_CONVERSION = YES_AGGRESSIVE;
				CLANG_CXX_LANGUAGE_STANDARD = "gnu++14";
				CLANG_CXX_LIBRARY = "libc++";
				CLANG_ENABLE_MODULES = YES;
				CLANG_ENABLE_OBJC_ARC = YES;
				CLANG_WARN_BLOCK_CAPTURE_AUTORELEASING = YES;
				CLANG_WARN_BOOL_CONVERSION = YES;
				CLANG_WARN_COMMA = YES;
				CLANG_WARN_CONSTANT_CONVERSION = YES;
				CLANG_WARN_DIRECT_OBJC_ISA_USAGE = YES_ERROR;
				CLANG_WARN_DOCUMENTATION_COMMENTS = YES;
				CLANG_WARN_EMPTY_BODY = YES;
				CLANG_WARN_ENUM_CONVERSION = YES;
				CLANG_WARN_INFINITE_RECURSION = YES;
				CLANG_WARN_INT_CONVERSION = YES;
				CLANG_WARN_NON_LITERAL_NULL_CONVERSION = YES;
				CLANG_WARN_OBJC_LITERAL_CONVERSION = YES;
				CLANG_WARN_OBJC_ROOT_CLASS = YES_ERROR;
				CLANG_WARN_RANGE_LOOP_ANALYSIS = YES;
				CLANG_WARN_STRICT_PROTOTYPES = YES;
				CLANG_WARN_SUSPICIOUS_MOVE = YES;
				CLANG_WARN_UNGUARDED_AVAILABILITY = YES_AGGRESSIVE;
				CLANG_WARN_UNREACHABLE_CODE = YES;
				CLANG_WARN__DUPLICATE_METHOD_MATCH = YES;
				CODE_SIGN_IDENTITY = "iPhone Developer";
				COPY_PHASE_STRIP = NO;
				DEBUG_INFORMATION_FORMAT = dwarf;
				ENABLE_STRICT_OBJC_MSGSEND = YES;
				ENABLE_TESTABILITY = YES;
				GCC_C_LANGUAGE_STANDARD = gnu11;
				GCC_DYNAMIC_NO_PIC = NO;
				GCC_NO_COMMON_BLOCKS = YES;
				GCC_OPTIMIZATION_LEVEL = 0;
				GCC_PREPROCESSOR_DEFINITIONS = (
					"DEBUG=1",
					"$(inherited)",
				);
				GCC_WARN_64_TO_32_BIT_CONVERSION = YES;
				GCC_WARN_ABOUT_RETURN_TYPE = YES_ERROR;
				GCC_WARN_UNDECLARED_SELECTOR = YES;
				GCC_WARN_UNINITIALIZED_AUTOS = YES_AGGRESSIVE;
				GCC_WARN_UNUSED_FUNCTION = YES;
				GCC_WARN_UNUSED_VARIABLE = YES;
				IPHONEOS_DEPLOYMENT_TARGET = 11.2;
				MTL_ENABLE_DEBUG_INFO = YES;
				ONLY_ACTIVE_ARCH = YES;
				SDKROOT = iphoneos;
				SWIFT_ACTIVE_COMPILATION_CONDITIONS = DEBUG;
				SWIFT_OPTIMIZATION_LEVEL = "-Onone";
			};
			name = Debug;
		};
		FD46C861205CC58400569B93 /* Release */ = {
			isa = XCBuildConfiguration;
			buildSettings = {
				ALWAYS_SEARCH_USER_PATHS = NO;
				CLANG_ANALYZER_NONNULL = YES;
				CLANG_ANALYZER_NUMBER_OBJECT_CONVERSION = YES_AGGRESSIVE;
				CLANG_CXX_LANGUAGE_STANDARD = "gnu++14";
				CLANG_CXX_LIBRARY = "libc++";
				CLANG_ENABLE_MODULES = YES;
				CLANG_ENABLE_OBJC_ARC = YES;
				CLANG_WARN_BLOCK_CAPTURE_AUTORELEASING = YES;
				CLANG_WARN_BOOL_CONVERSION = YES;
				CLANG_WARN_COMMA = YES;
				CLANG_WARN_CONSTANT_CONVERSION = YES;
				CLANG_WARN_DIRECT_OBJC_ISA_USAGE = YES_ERROR;
				CLANG_WARN_DOCUMENTATION_COMMENTS = YES;
				CLANG_WARN_EMPTY_BODY = YES;
				CLANG_WARN_ENUM_CONVERSION = YES;
				CLANG_WARN_INFINITE_RECURSION = YES;
				CLANG_WARN_INT_CONVERSION = YES;
				CLANG_WARN_NON_LITERAL_NULL_CONVERSION = YES;
				CLANG_WARN_OBJC_LITERAL_CONVERSION = YES;
				CLANG_WARN_OBJC_ROOT_CLASS = YES_ERROR;
				CLANG_WARN_RANGE_LOOP_ANALYSIS = YES;
				CLANG_WARN_STRICT_PROTOTYPES = YES;
				CLANG_WARN_SUSPICIOUS_MOVE = YES;
				CLANG_WARN_UNGUARDED_AVAILABILITY = YES_AGGRESSIVE;
				CLANG_WARN_UNREACHABLE_CODE = YES;
				CLANG_WARN__DUPLICATE_METHOD_MATCH = YES;
				CODE_SIGN_IDENTITY = "iPhone Developer";
				COPY_PHASE_STRIP = NO;
				DEBUG_INFORMATION_FORMAT = "dwarf-with-dsym";
				ENABLE_NS_ASSERTIONS = NO;
				ENABLE_STRICT_OBJC_MSGSEND = YES;
				GCC_C_LANGUAGE_STANDARD = gnu11;
				GCC_NO_COMMON_BLOCKS = YES;
				GCC_WARN_64_TO_32_BIT_CONVERSION = YES;
				GCC_WARN_ABOUT_RETURN_TYPE = YES_ERROR;
				GCC_WARN_UNDECLARED_SELECTOR = YES;
				GCC_WARN_UNINITIALIZED_AUTOS = YES_AGGRESSIVE;
				GCC_WARN_UNUSED_FUNCTION = YES;
				GCC_WARN_UNUSED_VARIABLE = YES;
				IPHONEOS_DEPLOYMENT_TARGET = 11.2;
				MTL_ENABLE_DEBUG_INFO = NO;
				SDKROOT = iphoneos;
				SWIFT_OPTIMIZATION_LEVEL = "-Owholemodule";
				VALIDATE_PRODUCT = YES;
			};
			name = Release;
		};
		FD46C863205CC58400569B93 /* Debug */ = {
			isa = XCBuildConfiguration;
			baseConfigurationReference = 3E20D5CA4BDF5070AC580079 /* Pods-Sky.debug.xcconfig */;
			buildSettings = {
				ASSETCATALOG_COMPILER_APPICON_NAME = AppIcon;
				CODE_SIGN_STYLE = Automatic;
				DEVELOPMENT_TEAM = FW9N8Z45X2;
				INFOPLIST_FILE = "Sky/Support Files/Info.plist";
				LD_RUNPATH_SEARCH_PATHS = "$(inherited) @executable_path/Frameworks";
				PRODUCT_BUNDLE_IDENTIFIER = com.baijiale.Sky;
				PRODUCT_NAME = "$(TARGET_NAME)";
				SWIFT_VERSION = 4.0;
				TARGETED_DEVICE_FAMILY = "1,2";
			};
			name = Debug;
		};
		FD46C864205CC58400569B93 /* Release */ = {
			isa = XCBuildConfiguration;
			baseConfigurationReference = 0B5619DB01B17F69058D3966 /* Pods-Sky.release.xcconfig */;
			buildSettings = {
				ASSETCATALOG_COMPILER_APPICON_NAME = AppIcon;
				CODE_SIGN_STYLE = Automatic;
				DEVELOPMENT_TEAM = FW9N8Z45X2;
				INFOPLIST_FILE = "Sky/Support Files/Info.plist";
				LD_RUNPATH_SEARCH_PATHS = "$(inherited) @executable_path/Frameworks";
				PRODUCT_BUNDLE_IDENTIFIER = com.baijiale.Sky;
				PRODUCT_NAME = "$(TARGET_NAME)";
				SWIFT_VERSION = 4.0;
				TARGETED_DEVICE_FAMILY = "1,2";
			};
			name = Release;
		};
		FD46C866205CC58400569B93 /* Debug */ = {
			isa = XCBuildConfiguration;
			buildSettings = {
				ALWAYS_EMBED_SWIFT_STANDARD_LIBRARIES = YES;
				BUNDLE_LOADER = "$(TEST_HOST)";
				CODE_SIGN_STYLE = Automatic;
				DEVELOPMENT_TEAM = FW9N8Z45X2;
				INFOPLIST_FILE = SkyTests/Info.plist;
				LD_RUNPATH_SEARCH_PATHS = "$(inherited) @executable_path/Frameworks @loader_path/Frameworks";
				PRODUCT_BUNDLE_IDENTIFIER = com.baijiale.SkyTests;
				PRODUCT_NAME = "$(TARGET_NAME)";
				SWIFT_VERSION = 4.0;
				TARGETED_DEVICE_FAMILY = "1,2";
				TEST_HOST = "$(BUILT_PRODUCTS_DIR)/Sky.app/Sky";
			};
			name = Debug;
		};
		FD46C867205CC58400569B93 /* Release */ = {
			isa = XCBuildConfiguration;
			buildSettings = {
				ALWAYS_EMBED_SWIFT_STANDARD_LIBRARIES = YES;
				BUNDLE_LOADER = "$(TEST_HOST)";
				CODE_SIGN_STYLE = Automatic;
				DEVELOPMENT_TEAM = FW9N8Z45X2;
				INFOPLIST_FILE = SkyTests/Info.plist;
				LD_RUNPATH_SEARCH_PATHS = "$(inherited) @executable_path/Frameworks @loader_path/Frameworks";
				PRODUCT_BUNDLE_IDENTIFIER = com.baijiale.SkyTests;
				PRODUCT_NAME = "$(TARGET_NAME)";
				SWIFT_VERSION = 4.0;
				TARGETED_DEVICE_FAMILY = "1,2";
				TEST_HOST = "$(BUILT_PRODUCTS_DIR)/Sky.app/Sky";
			};
			name = Release;
		};
		FD46C869205CC58400569B93 /* Debug */ = {
			isa = XCBuildConfiguration;
			buildSettings = {
				ALWAYS_EMBED_SWIFT_STANDARD_LIBRARIES = YES;
				CODE_SIGN_STYLE = Automatic;
				DEVELOPMENT_TEAM = FW9N8Z45X2;
				INFOPLIST_FILE = SkyUITests/Info.plist;
				LD_RUNPATH_SEARCH_PATHS = "$(inherited) @executable_path/Frameworks @loader_path/Frameworks";
				PRODUCT_BUNDLE_IDENTIFIER = com.baijiale.SkyUITests;
				PRODUCT_NAME = "$(TARGET_NAME)";
				SWIFT_VERSION = 4.0;
				TARGETED_DEVICE_FAMILY = "1,2";
				TEST_TARGET_NAME = Sky;
			};
			name = Debug;
		};
		FD46C86A205CC58400569B93 /* Release */ = {
			isa = XCBuildConfiguration;
			buildSettings = {
				ALWAYS_EMBED_SWIFT_STANDARD_LIBRARIES = YES;
				CODE_SIGN_STYLE = Automatic;
				DEVELOPMENT_TEAM = FW9N8Z45X2;
				INFOPLIST_FILE = SkyUITests/Info.plist;
				LD_RUNPATH_SEARCH_PATHS = "$(inherited) @executable_path/Frameworks @loader_path/Frameworks";
				PRODUCT_BUNDLE_IDENTIFIER = com.baijiale.SkyUITests;
				PRODUCT_NAME = "$(TARGET_NAME)";
				SWIFT_VERSION = 4.0;
				TARGETED_DEVICE_FAMILY = "1,2";
				TEST_TARGET_NAME = Sky;
			};
			name = Release;
		};
/* End XCBuildConfiguration section */

/* Begin XCConfigurationList section */
		FD46C835205CC58400569B93 /* Build configuration list for PBXProject "Sky" */ = {
			isa = XCConfigurationList;
			buildConfigurations = (
				FD46C860205CC58400569B93 /* Debug */,
				FD46C861205CC58400569B93 /* Release */,
			);
			defaultConfigurationIsVisible = 0;
			defaultConfigurationName = Release;
		};
		FD46C862205CC58400569B93 /* Build configuration list for PBXNativeTarget "Sky" */ = {
			isa = XCConfigurationList;
			buildConfigurations = (
				FD46C863205CC58400569B93 /* Debug */,
				FD46C864205CC58400569B93 /* Release */,
			);
			defaultConfigurationIsVisible = 0;
			defaultConfigurationName = Release;
		};
		FD46C865205CC58400569B93 /* Build configuration list for PBXNativeTarget "SkyTests" */ = {
			isa = XCConfigurationList;
			buildConfigurations = (
				FD46C866205CC58400569B93 /* Debug */,
				FD46C867205CC58400569B93 /* Release */,
			);
			defaultConfigurationIsVisible = 0;
			defaultConfigurationName = Release;
		};
		FD46C868205CC58400569B93 /* Build configuration list for PBXNativeTarget "SkyUITests" */ = {
			isa = XCConfigurationList;
			buildConfigurations = (
				FD46C869205CC58400569B93 /* Debug */,
				FD46C86A205CC58400569B93 /* Release */,
			);
			defaultConfigurationIsVisible = 0;
			defaultConfigurationName = Release;
		};
/* End XCConfigurationList section */
	};
	rootObject = FD46C832205CC58400569B93 /* Project object */;
}
